
Microsoft Visual Studio Solution File, Format Version 12.00
# Visual Studio Version 17
VisualStudioVersion = 17.11.35118.90
MinimumVisualStudioVersion = 10.0.40219.1
Project("{FAE04EC0-301F-11D3-BF4B-00C04F79EFBC}") = "PingConMonitor", "PingConMonitor\PingConMonitor.csproj", "{AD1DC81C-5232-4BE3-ABA0-9CDE6011F96E}"
EndProject
Global
	GlobalSection(SolutionConfigurationPlatforms) = preSolution
		Debug|Any CPU = Debug|Any CPU
		Release|Any CPU = Release|Any CPU
	EndGlobalSection
	GlobalSection(ProjectConfigurationPlatforms) = postSolution
		{AD1DC81C-5232-4BE3-ABA0-9CDE6011F96E}.Debug|Any CPU.ActiveCfg = Debug|Any CPU
		{AD1DC81C-5232-4BE3-ABA0-9CDE6011F96E}.Debug|Any CPU.Build.0 = Debug|Any CPU
		{AD1DC81C-5232-4BE3-ABA0-9CDE6011F96E}.Release|Any CPU.ActiveCfg = Release|Any CPU
		{AD1DC81C-5232-4BE3-ABA0-9CDE6011F96E}.Release|Any CPU.Build.0 = Release|Any CPU
	EndGlobalSection
	GlobalSection(SolutionProperties) = preSolution
		HideSolutionNode = FALSE
	EndGlobalSection
	GlobalSection(ExtensibilityGlobals) = postSolution
		SolutionGuid = {459AF991-E2DD-42D7-8700-68C50CEBFB0B}
	EndGlobalSection
EndGlobal
